// !$*UTF8*$!
{
	archiveVersion = 1;
	classes = {
	};
	objectVersion = 46;
	objects = {

/* Begin PBXBuildFile section */
		2AC25AB51D002768001F8098 /* EpisodeDescriptionCell.swift in Sources */ = {isa = PBXBuildFile; fileRef = 2AC25AB41D002768001F8098 /* EpisodeDescriptionCell.swift */; };
		6F49FD591CFA696C00F88B34 /* Formatter.swift in Sources */ = {isa = PBXBuildFile; fileRef = 6F49FD581CFA696C00F88B34 /* Formatter.swift */; };
		6F49FD5E1CFA70B700F88B34 /* Episode+CoreDataProperties.swift in Sources */ = {isa = PBXBuildFile; fileRef = 6F49FD5A1CFA70B700F88B34 /* Episode+CoreDataProperties.swift */; };
		6F49FD5F1CFA70B700F88B34 /* Episode.swift in Sources */ = {isa = PBXBuildFile; fileRef = 6F49FD5B1CFA70B700F88B34 /* Episode.swift */; };
		6F49FD681CFA806800F88B34 /* Season+CoreDataProperties.swift in Sources */ = {isa = PBXBuildFile; fileRef = 6F49FD661CFA806800F88B34 /* Season+CoreDataProperties.swift */; };
		6F49FD691CFA806800F88B34 /* Season.swift in Sources */ = {isa = PBXBuildFile; fileRef = 6F49FD671CFA806800F88B34 /* Season.swift */; };
		6F49FD6B1CFA97E400F88B34 /* TruncateTextView.swift in Sources */ = {isa = PBXBuildFile; fileRef = 6F49FD6A1CFA97E400F88B34 /* TruncateTextView.swift */; };
		6F6265941CF95E8700E2C5D7 /* FilmCell.swift in Sources */ = {isa = PBXBuildFile; fileRef = 6F6265931CF95E8700E2C5D7 /* FilmCell.swift */; };
		A32031CE1CFBE492001179A3 /* NotificationSystem.swift in Sources */ = {isa = PBXBuildFile; fileRef = A32031CD1CFBE491001179A3 /* NotificationSystem.swift */; };
		A35CF8301CF810FA005873BA /* ShowtimeDataTypes.swift in Sources */ = {isa = PBXBuildFile; fileRef = A35CF82F1CF810FA005873BA /* ShowtimeDataTypes.swift */; };
		A3666CC21CF7DC170097389F /* SearchViewController.swift in Sources */ = {isa = PBXBuildFile; fileRef = A3666CC11CF7DC170097389F /* SearchViewController.swift */; };
		A3666CC41CF7DD770097389F /* Extensions.swift in Sources */ = {isa = PBXBuildFile; fileRef = A3666CC31CF7DD770097389F /* Extensions.swift */; };
		A3666CC61CF7EB3C0097389F /* DetailViewController.swift in Sources */ = {isa = PBXBuildFile; fileRef = A3666CC51CF7EB3C0097389F /* DetailViewController.swift */; };
		A3666CC81CF7ED030097389F /* DescriptionTableViewCell.swift in Sources */ = {isa = PBXBuildFile; fileRef = A3666CC71CF7ED030097389F /* DescriptionTableViewCell.swift */; };
		A36F4DA51CE5834C00DDFC85 /* AppDelegate.swift in Sources */ = {isa = PBXBuildFile; fileRef = A36F4DA41CE5834C00DDFC85 /* AppDelegate.swift */; };
		A36F4DA81CE5834C00DDFC85 /* TVMovieApp.xcdatamodeld in Sources */ = {isa = PBXBuildFile; fileRef = A36F4DA61CE5834C00DDFC85 /* TVMovieApp.xcdatamodeld */; };
		A36F4DAA1CE5834C00DDFC85 /* MasterViewController.swift in Sources */ = {isa = PBXBuildFile; fileRef = A36F4DA91CE5834C00DDFC85 /* MasterViewController.swift */; };
		A36F4DAF1CE5834C00DDFC85 /* Main.storyboard in Resources */ = {isa = PBXBuildFile; fileRef = A36F4DAD1CE5834C00DDFC85 /* Main.storyboard */; };
		A36F4DB11CE5834C00DDFC85 /* Assets.xcassets in Resources */ = {isa = PBXBuildFile; fileRef = A36F4DB01CE5834C00DDFC85 /* Assets.xcassets */; };
		A36F4DB41CE5834C00DDFC85 /* LaunchScreen.storyboard in Resources */ = {isa = PBXBuildFile; fileRef = A36F4DB21CE5834C00DDFC85 /* LaunchScreen.storyboard */; };
		A36F4DBF1CE5834C00DDFC85 /* TVMovieAppTests.swift in Sources */ = {isa = PBXBuildFile; fileRef = A36F4DBE1CE5834C00DDFC85 /* TVMovieAppTests.swift */; };
		A36F4DCA1CE5834C00DDFC85 /* TVMovieAppUITests.swift in Sources */ = {isa = PBXBuildFile; fileRef = A36F4DC91CE5834C00DDFC85 /* TVMovieAppUITests.swift */; };
		A3EB3B9E1CEECDFD004C9D12 /* TVMClient.swift in Sources */ = {isa = PBXBuildFile; fileRef = A3EB3B9D1CEECDFD004C9D12 /* TVMClient.swift */; };
		A3EB3BA51CEEE09B004C9D12 /* Movie+CoreDataProperties.swift in Sources */ = {isa = PBXBuildFile; fileRef = A3EB3B9F1CEEE09B004C9D12 /* Movie+CoreDataProperties.swift */; };
		A3EB3BA61CEEE09B004C9D12 /* Movie.swift in Sources */ = {isa = PBXBuildFile; fileRef = A3EB3BA01CEEE09B004C9D12 /* Movie.swift */; };
		A3EB3BA71CEEE09B004C9D12 /* Show+CoreDataProperties.swift in Sources */ = {isa = PBXBuildFile; fileRef = A3EB3BA11CEEE09B004C9D12 /* Show+CoreDataProperties.swift */; };
		A3EB3BA81CEEE09B004C9D12 /* Show.swift in Sources */ = {isa = PBXBuildFile; fileRef = A3EB3BA21CEEE09B004C9D12 /* Show.swift */; };
		A3EB3BA91CEEE09B004C9D12 /* Film+CoreDataProperties.swift in Sources */ = {isa = PBXBuildFile; fileRef = A3EB3BA31CEEE09B004C9D12 /* Film+CoreDataProperties.swift */; };
		A3EB3BAA1CEEE09B004C9D12 /* Film.swift in Sources */ = {isa = PBXBuildFile; fileRef = A3EB3BA41CEEE09B004C9D12 /* Film.swift */; };
		A3EB3BAC1CEEEBA0004C9D12 /* TVDBRequest.swift in Sources */ = {isa = PBXBuildFile; fileRef = A3EB3BAB1CEEEBA0004C9D12 /* TVDBRequest.swift */; };
		A3EB3BAE1CEEED2E004C9D12 /* MovieDBRequest.swift in Sources */ = {isa = PBXBuildFile; fileRef = A3EB3BAD1CEEED2E004C9D12 /* MovieDBRequest.swift */; };
/* End PBXBuildFile section */

/* Begin PBXContainerItemProxy section */
		A36F4DBB1CE5834C00DDFC85 /* PBXContainerItemProxy */ = {
			isa = PBXContainerItemProxy;
			containerPortal = A36F4D991CE5834C00DDFC85 /* Project object */;
			proxyType = 1;
			remoteGlobalIDString = A36F4DA01CE5834C00DDFC85;
			remoteInfo = TVMovieApp;
		};
		A36F4DC61CE5834C00DDFC85 /* PBXContainerItemProxy */ = {
			isa = PBXContainerItemProxy;
			containerPortal = A36F4D991CE5834C00DDFC85 /* Project object */;
			proxyType = 1;
			remoteGlobalIDString = A36F4DA01CE5834C00DDFC85;
			remoteInfo = TVMovieApp;
		};
/* End PBXContainerItemProxy section */

/* Begin PBXFileReference section */
		2AC25AB41D002768001F8098 /* EpisodeDescriptionCell.swift */ = {isa = PBXFileReference; fileEncoding = 4; lastKnownFileType = sourcecode.swift; path = EpisodeDescriptionCell.swift; sourceTree = "<group>"; };
		6F49FD581CFA696C00F88B34 /* Formatter.swift */ = {isa = PBXFileReference; fileEncoding = 4; lastKnownFileType = sourcecode.swift; path = Formatter.swift; sourceTree = "<group>"; };
		6F49FD5A1CFA70B700F88B34 /* Episode+CoreDataProperties.swift */ = {isa = PBXFileReference; fileEncoding = 4; lastKnownFileType = sourcecode.swift; path = "Episode+CoreDataProperties.swift"; sourceTree = "<group>"; };
		6F49FD5B1CFA70B700F88B34 /* Episode.swift */ = {isa = PBXFileReference; fileEncoding = 4; lastKnownFileType = sourcecode.swift; path = Episode.swift; sourceTree = "<group>"; };
		6F49FD661CFA806800F88B34 /* Season+CoreDataProperties.swift */ = {isa = PBXFileReference; fileEncoding = 4; lastKnownFileType = sourcecode.swift; path = "Season+CoreDataProperties.swift"; sourceTree = "<group>"; };
		6F49FD671CFA806800F88B34 /* Season.swift */ = {isa = PBXFileReference; fileEncoding = 4; lastKnownFileType = sourcecode.swift; path = Season.swift; sourceTree = "<group>"; };
		6F49FD6A1CFA97E400F88B34 /* TruncateTextView.swift */ = {isa = PBXFileReference; fileEncoding = 4; lastKnownFileType = sourcecode.swift; path = TruncateTextView.swift; sourceTree = "<group>"; };
		6F6265911CF951C200E2C5D7 /* AlamofireImage.framework */ = {isa = PBXFileReference; lastKnownFileType = wrapper.framework; name = AlamofireImage.framework; path = Carthage/Build/iOS/AlamofireImage.framework; sourceTree = "<group>"; };
		6F6265931CF95E8700E2C5D7 /* FilmCell.swift */ = {isa = PBXFileReference; fileEncoding = 4; lastKnownFileType = sourcecode.swift; path = FilmCell.swift; sourceTree = "<group>"; };
		A32031CD1CFBE491001179A3 /* NotificationSystem.swift */ = {isa = PBXFileReference; fileEncoding = 4; lastKnownFileType = sourcecode.swift; path = NotificationSystem.swift; sourceTree = "<group>"; };
		A35CF82F1CF810FA005873BA /* ShowtimeDataTypes.swift */ = {isa = PBXFileReference; fileEncoding = 4; lastKnownFileType = sourcecode.swift; path = ShowtimeDataTypes.swift; sourceTree = "<group>"; };
		A3666CC11CF7DC170097389F /* SearchViewController.swift */ = {isa = PBXFileReference; fileEncoding = 4; lastKnownFileType = sourcecode.swift; path = SearchViewController.swift; sourceTree = "<group>"; };
		A3666CC31CF7DD770097389F /* Extensions.swift */ = {isa = PBXFileReference; fileEncoding = 4; lastKnownFileType = sourcecode.swift; path = Extensions.swift; sourceTree = "<group>"; };
		A3666CC51CF7EB3C0097389F /* DetailViewController.swift */ = {isa = PBXFileReference; fileEncoding = 4; lastKnownFileType = sourcecode.swift; path = DetailViewController.swift; sourceTree = "<group>"; };
		A3666CC71CF7ED030097389F /* DescriptionTableViewCell.swift */ = {isa = PBXFileReference; fileEncoding = 4; lastKnownFileType = sourcecode.swift; path = DescriptionTableViewCell.swift; sourceTree = "<group>"; };
		A36F4DA11CE5834C00DDFC85 /* Showtime.app */ = {isa = PBXFileReference; explicitFileType = wrapper.application; includeInIndex = 0; path = Showtime.app; sourceTree = BUILT_PRODUCTS_DIR; };
		A36F4DA41CE5834C00DDFC85 /* AppDelegate.swift */ = {isa = PBXFileReference; lastKnownFileType = sourcecode.swift; path = AppDelegate.swift; sourceTree = "<group>"; };
		A36F4DA71CE5834C00DDFC85 /* TVMovieApp.xcdatamodel */ = {isa = PBXFileReference; lastKnownFileType = wrapper.xcdatamodel; path = TVMovieApp.xcdatamodel; sourceTree = "<group>"; };
		A36F4DA91CE5834C00DDFC85 /* MasterViewController.swift */ = {isa = PBXFileReference; lastKnownFileType = sourcecode.swift; path = MasterViewController.swift; sourceTree = "<group>"; };
		A36F4DAE1CE5834C00DDFC85 /* Base */ = {isa = PBXFileReference; lastKnownFileType = file.storyboard; name = Base; path = Base.lproj/Main.storyboard; sourceTree = "<group>"; };
		A36F4DB01CE5834C00DDFC85 /* Assets.xcassets */ = {isa = PBXFileReference; lastKnownFileType = folder.assetcatalog; path = Assets.xcassets; sourceTree = "<group>"; };
		A36F4DB31CE5834C00DDFC85 /* Base */ = {isa = PBXFileReference; lastKnownFileType = file.storyboard; name = Base; path = Base.lproj/LaunchScreen.storyboard; sourceTree = "<group>"; };
		A36F4DB51CE5834C00DDFC85 /* Info.plist */ = {isa = PBXFileReference; lastKnownFileType = text.plist.xml; path = Info.plist; sourceTree = "<group>"; };
		A36F4DBA1CE5834C00DDFC85 /* ShowtimeTests.xctest */ = {isa = PBXFileReference; explicitFileType = wrapper.cfbundle; includeInIndex = 0; path = ShowtimeTests.xctest; sourceTree = BUILT_PRODUCTS_DIR; };
		A36F4DBE1CE5834C00DDFC85 /* TVMovieAppTests.swift */ = {isa = PBXFileReference; lastKnownFileType = sourcecode.swift; path = TVMovieAppTests.swift; sourceTree = "<group>"; };
		A36F4DC01CE5834C00DDFC85 /* Info.plist */ = {isa = PBXFileReference; lastKnownFileType = text.plist.xml; path = Info.plist; sourceTree = "<group>"; };
		A36F4DC51CE5834C00DDFC85 /* ShowtimeTests.xctest */ = {isa = PBXFileReference; explicitFileType = wrapper.cfbundle; includeInIndex = 0; path = ShowtimeTests.xctest; sourceTree = BUILT_PRODUCTS_DIR; };
		A36F4DC91CE5834C00DDFC85 /* TVMovieAppUITests.swift */ = {isa = PBXFileReference; lastKnownFileType = sourcecode.swift; path = TVMovieAppUITests.swift; sourceTree = "<group>"; };
		A36F4DCB1CE5834C00DDFC85 /* Info.plist */ = {isa = PBXFileReference; lastKnownFileType = text.plist.xml; path = Info.plist; sourceTree = "<group>"; };
		A36F4DD81CE5898900DDFC85 /* Alamofire.framework */ = {isa = PBXFileReference; lastKnownFileType = wrapper.framework; name = Alamofire.framework; path = Carthage/Build/iOS/Alamofire.framework; sourceTree = "<group>"; };
		A3EB3B9D1CEECDFD004C9D12 /* TVMClient.swift */ = {isa = PBXFileReference; fileEncoding = 4; lastKnownFileType = sourcecode.swift; path = TVMClient.swift; sourceTree = "<group>"; };
		A3EB3B9F1CEEE09B004C9D12 /* Movie+CoreDataProperties.swift */ = {isa = PBXFileReference; fileEncoding = 4; lastKnownFileType = sourcecode.swift; path = "Movie+CoreDataProperties.swift"; sourceTree = "<group>"; };
		A3EB3BA01CEEE09B004C9D12 /* Movie.swift */ = {isa = PBXFileReference; fileEncoding = 4; lastKnownFileType = sourcecode.swift; path = Movie.swift; sourceTree = "<group>"; };
		A3EB3BA11CEEE09B004C9D12 /* Show+CoreDataProperties.swift */ = {isa = PBXFileReference; fileEncoding = 4; lastKnownFileType = sourcecode.swift; path = "Show+CoreDataProperties.swift"; sourceTree = "<group>"; };
		A3EB3BA21CEEE09B004C9D12 /* Show.swift */ = {isa = PBXFileReference; fileEncoding = 4; lastKnownFileType = sourcecode.swift; path = Show.swift; sourceTree = "<group>"; };
		A3EB3BA31CEEE09B004C9D12 /* Film+CoreDataProperties.swift */ = {isa = PBXFileReference; fileEncoding = 4; lastKnownFileType = sourcecode.swift; path = "Film+CoreDataProperties.swift"; sourceTree = "<group>"; };
		A3EB3BA41CEEE09B004C9D12 /* Film.swift */ = {isa = PBXFileReference; fileEncoding = 4; lastKnownFileType = sourcecode.swift; path = Film.swift; sourceTree = "<group>"; };
		A3EB3BAB1CEEEBA0004C9D12 /* TVDBRequest.swift */ = {isa = PBXFileReference; fileEncoding = 4; lastKnownFileType = sourcecode.swift; path = TVDBRequest.swift; sourceTree = "<group>"; };
		A3EB3BAD1CEEED2E004C9D12 /* MovieDBRequest.swift */ = {isa = PBXFileReference; fileEncoding = 4; lastKnownFileType = sourcecode.swift; path = MovieDBRequest.swift; sourceTree = "<group>"; };
/* End PBXFileReference section */

/* Begin PBXFrameworksBuildPhase section */
		A36F4D9E1CE5834C00DDFC85 /* Frameworks */ = {
			isa = PBXFrameworksBuildPhase;
			buildActionMask = 2147483647;
			files = (
			);
			runOnlyForDeploymentPostprocessing = 0;
		};
		A36F4DB71CE5834C00DDFC85 /* Frameworks */ = {
			isa = PBXFrameworksBuildPhase;
			buildActionMask = 2147483647;
			files = (
			);
			runOnlyForDeploymentPostprocessing = 0;
		};
		A36F4DC21CE5834C00DDFC85 /* Frameworks */ = {
			isa = PBXFrameworksBuildPhase;
			buildActionMask = 2147483647;
			files = (
			);
			runOnlyForDeploymentPostprocessing = 0;
		};
/* End PBXFrameworksBuildPhase section */

/* Begin PBXGroup section */
		A36F4D981CE5834C00DDFC85 = {
			isa = PBXGroup;
			children = (
				6F6265911CF951C200E2C5D7 /* AlamofireImage.framework */,
				A36F4DD81CE5898900DDFC85 /* Alamofire.framework */,
				A36F4DA31CE5834C00DDFC85 /* TVMovieApp */,
				A36F4DBD1CE5834C00DDFC85 /* TVMovieAppTests */,
				A36F4DC81CE5834C00DDFC85 /* TVMovieAppUITests */,
				A36F4DA21CE5834C00DDFC85 /* Products */,
			);
			sourceTree = "<group>";
		};
		A36F4DA21CE5834C00DDFC85 /* Products */ = {
			isa = PBXGroup;
			children = (
				A36F4DA11CE5834C00DDFC85 /* Showtime.app */,
				A36F4DBA1CE5834C00DDFC85 /* ShowtimeTests.xctest */,
				A36F4DC51CE5834C00DDFC85 /* ShowtimeTests.xctest */,
			);
			name = Products;
			sourceTree = "<group>";
		};
		A36F4DA31CE5834C00DDFC85 /* TVMovieApp */ = {
			isa = PBXGroup;
			children = (
				A36F4DA91CE5834C00DDFC85 /* MasterViewController.swift */,
				A3EB3BAF1CEEEE1C004C9D12 /* API */,
				A36F4DD71CE5863B00DDFC85 /* Models */,
				A36F4DA41CE5834C00DDFC85 /* AppDelegate.swift */,
				A32031CD1CFBE491001179A3 /* NotificationSystem.swift */,
				A36F4DB21CE5834C00DDFC85 /* LaunchScreen.storyboard */,
				A36F4DAD1CE5834C00DDFC85 /* Main.storyboard */,
				A36F4DB01CE5834C00DDFC85 /* Assets.xcassets */,
				A36F4DB51CE5834C00DDFC85 /* Info.plist */,
				A36F4DA61CE5834C00DDFC85 /* TVMovieApp.xcdatamodeld */,
				2AC25AB41D002768001F8098 /* EpisodeDescriptionCell.swift */,
				A3EB3B9D1CEECDFD004C9D12 /* TVMClient.swift */,
				A3666CC11CF7DC170097389F /* SearchViewController.swift */,
				A3666CC31CF7DD770097389F /* Extensions.swift */,
				A3666CC51CF7EB3C0097389F /* DetailViewController.swift */,
				A3666CC71CF7ED030097389F /* DescriptionTableViewCell.swift */,
				6F6265931CF95E8700E2C5D7 /* FilmCell.swift */,
				6F49FD6A1CFA97E400F88B34 /* TruncateTextView.swift */,
			);
			path = TVMovieApp;
			sourceTree = "<group>";
		};
		A36F4DBD1CE5834C00DDFC85 /* TVMovieAppTests */ = {
			isa = PBXGroup;
			children = (
				A36F4DBE1CE5834C00DDFC85 /* TVMovieAppTests.swift */,
				A36F4DC01CE5834C00DDFC85 /* Info.plist */,
			);
			path = TVMovieAppTests;
			sourceTree = "<group>";
		};
		A36F4DC81CE5834C00DDFC85 /* TVMovieAppUITests */ = {
			isa = PBXGroup;
			children = (
				A36F4DC91CE5834C00DDFC85 /* TVMovieAppUITests.swift */,
				A36F4DCB1CE5834C00DDFC85 /* Info.plist */,
			);
			path = TVMovieAppUITests;
			sourceTree = "<group>";
		};
		A36F4DD71CE5863B00DDFC85 /* Models */ = {
			isa = PBXGroup;
			children = (
				6F49FD661CFA806800F88B34 /* Season+CoreDataProperties.swift */,
				6F49FD671CFA806800F88B34 /* Season.swift */,
				6F49FD5A1CFA70B700F88B34 /* Episode+CoreDataProperties.swift */,
				6F49FD5B1CFA70B700F88B34 /* Episode.swift */,
				A3EB3B9F1CEEE09B004C9D12 /* Movie+CoreDataProperties.swift */,
				A3EB3BA01CEEE09B004C9D12 /* Movie.swift */,
				A3EB3BA11CEEE09B004C9D12 /* Show+CoreDataProperties.swift */,
				A3EB3BA21CEEE09B004C9D12 /* Show.swift */,
				A3EB3BA31CEEE09B004C9D12 /* Film+CoreDataProperties.swift */,
				A3EB3BA41CEEE09B004C9D12 /* Film.swift */,
				A35CF82F1CF810FA005873BA /* ShowtimeDataTypes.swift */,
				6F49FD581CFA696C00F88B34 /* Formatter.swift */,
			);
			name = Models;
			sourceTree = "<group>";
		};
		A3EB3BAF1CEEEE1C004C9D12 /* API */ = {
			isa = PBXGroup;
			children = (
				A3EB3BAB1CEEEBA0004C9D12 /* TVDBRequest.swift */,
				A3EB3BAD1CEEED2E004C9D12 /* MovieDBRequest.swift */,
			);
			name = API;
			sourceTree = "<group>";
		};
/* End PBXGroup section */

/* Begin PBXNativeTarget section */
		A36F4DA01CE5834C00DDFC85 /* Showtime */ = {
			isa = PBXNativeTarget;
			buildConfigurationList = A36F4DCE1CE5834C00DDFC85 /* Build configuration list for PBXNativeTarget "Showtime" */;
			buildPhases = (
				A36F4D9D1CE5834C00DDFC85 /* Sources */,
				A36F4D9E1CE5834C00DDFC85 /* Frameworks */,
				A36F4D9F1CE5834C00DDFC85 /* Resources */,
				A36F4DDA1CE58A4100DDFC85 /* ShellScript */,
			);
			buildRules = (
			);
			dependencies = (
			);
			name = Showtime;
			productName = TVMovieApp;
			productReference = A36F4DA11CE5834C00DDFC85 /* Showtime.app */;
			productType = "com.apple.product-type.application";
		};
		A36F4DB91CE5834C00DDFC85 /* ShowtimeTests */ = {
			isa = PBXNativeTarget;
			buildConfigurationList = A36F4DD11CE5834C00DDFC85 /* Build configuration list for PBXNativeTarget "ShowtimeTests" */;
			buildPhases = (
				A36F4DB61CE5834C00DDFC85 /* Sources */,
				A36F4DB71CE5834C00DDFC85 /* Frameworks */,
				A36F4DB81CE5834C00DDFC85 /* Resources */,
			);
			buildRules = (
			);
			dependencies = (
				A36F4DBC1CE5834C00DDFC85 /* PBXTargetDependency */,
			);
			name = ShowtimeTests;
			productName = TVMovieAppTests;
			productReference = A36F4DBA1CE5834C00DDFC85 /* ShowtimeTests.xctest */;
			productType = "com.apple.product-type.bundle.unit-test";
		};
		A36F4DC41CE5834C00DDFC85 /* ShowtimeUITests */ = {
			isa = PBXNativeTarget;
			buildConfigurationList = A36F4DD41CE5834C00DDFC85 /* Build configuration list for PBXNativeTarget "ShowtimeUITests" */;
			buildPhases = (
				A36F4DC11CE5834C00DDFC85 /* Sources */,
				A36F4DC21CE5834C00DDFC85 /* Frameworks */,
				A36F4DC31CE5834C00DDFC85 /* Resources */,
			);
			buildRules = (
			);
			dependencies = (
				A36F4DC71CE5834C00DDFC85 /* PBXTargetDependency */,
			);
			name = ShowtimeUITests;
			productName = TVMovieAppUITests;
			productReference = A36F4DC51CE5834C00DDFC85 /* ShowtimeTests.xctest */;
			productType = "com.apple.product-type.bundle.ui-testing";
		};
/* End PBXNativeTarget section */

/* Begin PBXProject section */
		A36F4D991CE5834C00DDFC85 /* Project object */ = {
			isa = PBXProject;
			attributes = {
				LastSwiftUpdateCheck = 0730;
				LastUpgradeCheck = 0730;
				ORGANIZATIONNAME = CSCI342;
				TargetAttributes = {
					A36F4DA01CE5834C00DDFC85 = {
						CreatedOnToolsVersion = 7.3;
						DevelopmentTeam = 8X8G29CCGH;
					};
					A36F4DB91CE5834C00DDFC85 = {
						CreatedOnToolsVersion = 7.3;
						TestTargetID = A36F4DA01CE5834C00DDFC85;
					};
					A36F4DC41CE5834C00DDFC85 = {
						CreatedOnToolsVersion = 7.3;
						TestTargetID = A36F4DA01CE5834C00DDFC85;
					};
				};
			};
			buildConfigurationList = A36F4D9C1CE5834C00DDFC85 /* Build configuration list for PBXProject "Showtime" */;
			compatibilityVersion = "Xcode 3.2";
			developmentRegion = English;
			hasScannedForEncodings = 0;
			knownRegions = (
				en,
				Base,
			);
			mainGroup = A36F4D981CE5834C00DDFC85;
			productRefGroup = A36F4DA21CE5834C00DDFC85 /* Products */;
			projectDirPath = "";
			projectRoot = "";
			targets = (
				A36F4DA01CE5834C00DDFC85 /* Showtime */,
				A36F4DB91CE5834C00DDFC85 /* ShowtimeTests */,
				A36F4DC41CE5834C00DDFC85 /* ShowtimeUITests */,
			);
		};
/* End PBXProject section */

/* Begin PBXResourcesBuildPhase section */
		A36F4D9F1CE5834C00DDFC85 /* Resources */ = {
			isa = PBXResourcesBuildPhase;
			buildActionMask = 2147483647;
			files = (
				A36F4DB41CE5834C00DDFC85 /* LaunchScreen.storyboard in Resources */,
				A36F4DB11CE5834C00DDFC85 /* Assets.xcassets in Resources */,
				A36F4DAF1CE5834C00DDFC85 /* Main.storyboard in Resources */,
			);
			runOnlyForDeploymentPostprocessing = 0;
		};
		A36F4DB81CE5834C00DDFC85 /* Resources */ = {
			isa = PBXResourcesBuildPhase;
			buildActionMask = 2147483647;
			files = (
			);
			runOnlyForDeploymentPostprocessing = 0;
		};
		A36F4DC31CE5834C00DDFC85 /* Resources */ = {
			isa = PBXResourcesBuildPhase;
			buildActionMask = 2147483647;
			files = (
			);
			runOnlyForDeploymentPostprocessing = 0;
		};
/* End PBXResourcesBuildPhase section */

/* Begin PBXShellScriptBuildPhase section */
		A36F4DDA1CE58A4100DDFC85 /* ShellScript */ = {
			isa = PBXShellScriptBuildPhase;
			buildActionMask = 2147483647;
			files = (
			);
			inputPaths = (
				"$(SRCROOT)/Carthage/Build/iOS/Alamofire.framework",
				"$(SRCROOT)/Carthage/Build/iOS/AlamofireImage.framework",
			);
			outputPaths = (
			);
			runOnlyForDeploymentPostprocessing = 0;
			shellPath = /bin/sh;
			shellScript = "/usr/local/bin/carthage copy-frameworks\n";
		};
/* End PBXShellScriptBuildPhase section */

/* Begin PBXSourcesBuildPhase section */
		A36F4D9D1CE5834C00DDFC85 /* Sources */ = {
			isa = PBXSourcesBuildPhase;
			buildActionMask = 2147483647;
			files = (
				A3EB3BA61CEEE09B004C9D12 /* Movie.swift in Sources */,
				A3666CC61CF7EB3C0097389F /* DetailViewController.swift in Sources */,
				6F49FD5E1CFA70B700F88B34 /* Episode+CoreDataProperties.swift in Sources */,
				A3EB3BAC1CEEEBA0004C9D12 /* TVDBRequest.swift in Sources */,
				6F49FD591CFA696C00F88B34 /* Formatter.swift in Sources */,
				A36F4DA81CE5834C00DDFC85 /* TVMovieApp.xcdatamodeld in Sources */,
				A36F4DA51CE5834C00DDFC85 /* AppDelegate.swift in Sources */,
				6F49FD6B1CFA97E400F88B34 /* TruncateTextView.swift in Sources */,
				A3EB3BAE1CEEED2E004C9D12 /* MovieDBRequest.swift in Sources */,
				A3EB3B9E1CEECDFD004C9D12 /* TVMClient.swift in Sources */,
				A3EB3BA71CEEE09B004C9D12 /* Show+CoreDataProperties.swift in Sources */,
				6F6265941CF95E8700E2C5D7 /* FilmCell.swift in Sources */,
				2AC25AB51D002768001F8098 /* EpisodeDescriptionCell.swift in Sources */,
				A36F4DAA1CE5834C00DDFC85 /* MasterViewController.swift in Sources */,
				A3EB3BAA1CEEE09B004C9D12 /* Film.swift in Sources */,
				A3666CC21CF7DC170097389F /* SearchViewController.swift in Sources */,
				6F49FD681CFA806800F88B34 /* Season+CoreDataProperties.swift in Sources */,
				A32031CE1CFBE492001179A3 /* NotificationSystem.swift in Sources */,
				6F49FD691CFA806800F88B34 /* Season.swift in Sources */,
				A3EB3BA81CEEE09B004C9D12 /* Show.swift in Sources */,
				A35CF8301CF810FA005873BA /* ShowtimeDataTypes.swift in Sources */,
				6F49FD5F1CFA70B700F88B34 /* Episode.swift in Sources */,
				A3EB3BA91CEEE09B004C9D12 /* Film+CoreDataProperties.swift in Sources */,
				A3EB3BA51CEEE09B004C9D12 /* Movie+CoreDataProperties.swift in Sources */,
				A3666CC41CF7DD770097389F /* Extensions.swift in Sources */,
				A3666CC81CF7ED030097389F /* DescriptionTableViewCell.swift in Sources */,
			);
			runOnlyForDeploymentPostprocessing = 0;
		};
		A36F4DB61CE5834C00DDFC85 /* Sources */ = {
			isa = PBXSourcesBuildPhase;
			buildActionMask = 2147483647;
			files = (
				A36F4DBF1CE5834C00DDFC85 /* TVMovieAppTests.swift in Sources */,
			);
			runOnlyForDeploymentPostprocessing = 0;
		};
		A36F4DC11CE5834C00DDFC85 /* Sources */ = {
			isa = PBXSourcesBuildPhase;
			buildActionMask = 2147483647;
			files = (
				A36F4DCA1CE5834C00DDFC85 /* TVMovieAppUITests.swift in Sources */,
			);
			runOnlyForDeploymentPostprocessing = 0;
		};
/* End PBXSourcesBuildPhase section */

/* Begin PBXTargetDependency section */
		A36F4DBC1CE5834C00DDFC85 /* PBXTargetDependency */ = {
			isa = PBXTargetDependency;
			target = A36F4DA01CE5834C00DDFC85 /* Showtime */;
			targetProxy = A36F4DBB1CE5834C00DDFC85 /* PBXContainerItemProxy */;
		};
		A36F4DC71CE5834C00DDFC85 /* PBXTargetDependency */ = {
			isa = PBXTargetDependency;
			target = A36F4DA01CE5834C00DDFC85 /* Showtime */;
			targetProxy = A36F4DC61CE5834C00DDFC85 /* PBXContainerItemProxy */;
		};
/* End PBXTargetDependency section */

/* Begin PBXVariantGroup section */
		A36F4DAD1CE5834C00DDFC85 /* Main.storyboard */ = {
			isa = PBXVariantGroup;
			children = (
				A36F4DAE1CE5834C00DDFC85 /* Base */,
			);
			name = Main.storyboard;
			sourceTree = "<group>";
		};
		A36F4DB21CE5834C00DDFC85 /* LaunchScreen.storyboard */ = {
			isa = PBXVariantGroup;
			children = (
				A36F4DB31CE5834C00DDFC85 /* Base */,
			);
			name = LaunchScreen.storyboard;
			sourceTree = "<group>";
		};
/* End PBXVariantGroup section */

/* Begin XCBuildConfiguration section */
		A36F4DCC1CE5834C00DDFC85 /* Debug */ = {
			isa = XCBuildConfiguration;
			buildSettings = {
				ALWAYS_SEARCH_USER_PATHS = NO;
				CLANG_ANALYZER_NONNULL = YES;
				CLANG_CXX_LANGUAGE_STANDARD = "gnu++0x";
				CLANG_CXX_LIBRARY = "libc++";
				CLANG_ENABLE_MODULES = YES;
				CLANG_ENABLE_OBJC_ARC = YES;
				CLANG_WARN_BOOL_CONVERSION = YES;
				CLANG_WARN_CONSTANT_CONVERSION = YES;
				CLANG_WARN_DIRECT_OBJC_ISA_USAGE = YES_ERROR;
				CLANG_WARN_EMPTY_BODY = YES;
				CLANG_WARN_ENUM_CONVERSION = YES;
				CLANG_WARN_INT_CONVERSION = YES;
				CLANG_WARN_OBJC_ROOT_CLASS = YES_ERROR;
				CLANG_WARN_UNREACHABLE_CODE = YES;
				CLANG_WARN__DUPLICATE_METHOD_MATCH = YES;
				"CODE_SIGN_IDENTITY[sdk=iphoneos*]" = "iPhone Developer";
				COPY_PHASE_STRIP = NO;
				DEBUG_INFORMATION_FORMAT = dwarf;
				ENABLE_STRICT_OBJC_MSGSEND = YES;
				ENABLE_TESTABILITY = YES;
				GCC_C_LANGUAGE_STANDARD = gnu99;
				GCC_DYNAMIC_NO_PIC = NO;
				GCC_NO_COMMON_BLOCKS = YES;
				GCC_OPTIMIZATION_LEVEL = 0;
				GCC_PREPROCESSOR_DEFINITIONS = (
					"DEBUG=1",
					"$(inherited)",
				);
				GCC_WARN_64_TO_32_BIT_CONVERSION = YES;
				GCC_WARN_ABOUT_RETURN_TYPE = YES_ERROR;
				GCC_WARN_UNDECLARED_SELECTOR = YES;
				GCC_WARN_UNINITIALIZED_AUTOS = YES_AGGRESSIVE;
				GCC_WARN_UNUSED_FUNCTION = YES;
				GCC_WARN_UNUSED_VARIABLE = YES;
				IPHONEOS_DEPLOYMENT_TARGET = 9.3;
				MTL_ENABLE_DEBUG_INFO = YES;
				ONLY_ACTIVE_ARCH = YES;
				SDKROOT = iphoneos;
				SWIFT_OPTIMIZATION_LEVEL = "-Onone";
			};
			name = Debug;
		};
		A36F4DCD1CE5834C00DDFC85 /* Release */ = {
			isa = XCBuildConfiguration;
			buildSettings = {
				ALWAYS_SEARCH_USER_PATHS = NO;
				CLANG_ANALYZER_NONNULL = YES;
				CLANG_CXX_LANGUAGE_STANDARD = "gnu++0x";
				CLANG_CXX_LIBRARY = "libc++";
				CLANG_ENABLE_MODULES = YES;
				CLANG_ENABLE_OBJC_ARC = YES;
				CLANG_WARN_BOOL_CONVERSION = YES;
				CLANG_WARN_CONSTANT_CONVERSION = YES;
				CLANG_WARN_DIRECT_OBJC_ISA_USAGE = YES_ERROR;
				CLANG_WARN_EMPTY_BODY = YES;
				CLANG_WARN_ENUM_CONVERSION = YES;
				CLANG_WARN_INT_CONVERSION = YES;
				CLANG_WARN_OBJC_ROOT_CLASS = YES_ERROR;
				CLANG_WARN_UNREACHABLE_CODE = YES;
				CLANG_WARN__DUPLICATE_METHOD_MATCH = YES;
				"CODE_SIGN_IDENTITY[sdk=iphoneos*]" = "iPhone Developer";
				COPY_PHASE_STRIP = NO;
				DEBUG_INFORMATION_FORMAT = "dwarf-with-dsym";
				ENABLE_NS_ASSERTIONS = NO;
				ENABLE_STRICT_OBJC_MSGSEND = YES;
				GCC_C_LANGUAGE_STANDARD = gnu99;
				GCC_NO_COMMON_BLOCKS = YES;
				GCC_WARN_64_TO_32_BIT_CONVERSION = YES;
				GCC_WARN_ABOUT_RETURN_TYPE = YES_ERROR;
				GCC_WARN_UNDECLARED_SELECTOR = YES;
				GCC_WARN_UNINITIALIZED_AUTOS = YES_AGGRESSIVE;
				GCC_WARN_UNUSED_FUNCTION = YES;
				GCC_WARN_UNUSED_VARIABLE = YES;
				IPHONEOS_DEPLOYMENT_TARGET = 9.3;
				MTL_ENABLE_DEBUG_INFO = NO;
				SDKROOT = iphoneos;
				VALIDATE_PRODUCT = YES;
			};
			name = Release;
		};
		A36F4DCF1CE5834C00DDFC85 /* Debug */ = {
			isa = XCBuildConfiguration;
			buildSettings = {
				ASSETCATALOG_COMPILER_APPICON_NAME = AppIcon;
				CODE_SIGN_IDENTITY = "iPhone Developer";
				"CODE_SIGN_IDENTITY[sdk=iphoneos*]" = "iPhone Developer";
				FRAMEWORK_SEARCH_PATHS = (
					"$(inherited)",
					"$(PROJECT_DIR)/Carthage/Build/iOS",
				);
				INFOPLIST_FILE = TVMovieApp/Info.plist;
				IPHONEOS_DEPLOYMENT_TARGET = 9.3;
				LD_RUNPATH_SEARCH_PATHS = "$(inherited) @executable_path/Frameworks";
				PRODUCT_BUNDLE_IDENTIFIER = au.com.benjaminjohnson.TVMovieApp;
				PRODUCT_NAME = "$(TARGET_NAME)";
				PROVISIONING_PROFILE = "";
			};
			name = Debug;
		};
		A36F4DD01CE5834C00DDFC85 /* Release */ = {
			isa = XCBuildConfiguration;
			buildSettings = {
				ASSETCATALOG_COMPILER_APPICON_NAME = AppIcon;
				CODE_SIGN_IDENTITY = "iPhone Developer";
				"CODE_SIGN_IDENTITY[sdk=iphoneos*]" = "iPhone Developer";
				FRAMEWORK_SEARCH_PATHS = (
					"$(inherited)",
					"$(PROJECT_DIR)/Carthage/Build/iOS",
				);
				INFOPLIST_FILE = TVMovieApp/Info.plist;
				IPHONEOS_DEPLOYMENT_TARGET = 9.3;
				LD_RUNPATH_SEARCH_PATHS = "$(inherited) @executable_path/Frameworks";
				PRODUCT_BUNDLE_IDENTIFIER = au.com.benjaminjohnson.TVMovieApp;
				PRODUCT_NAME = "$(TARGET_NAME)";
				PROVISIONING_PROFILE = "";
			};
			name = Release;
		};
		A36F4DD21CE5834C00DDFC85 /* Debug */ = {
			isa = XCBuildConfiguration;
			buildSettings = {
				BUNDLE_LOADER = "$(TEST_HOST)";
				INFOPLIST_FILE = TVMovieAppTests/Info.plist;
				LD_RUNPATH_SEARCH_PATHS = "$(inherited) @executable_path/Frameworks @loader_path/Frameworks";
				PRODUCT_BUNDLE_IDENTIFIER = au.com.benjaminjohnson.TVMovieAppTests;
				PRODUCT_NAME = ShowtimeTests;
				TEST_HOST = "$(BUILT_PRODUCTS_DIR)/Showtime.app/Showtime";
			};
			name = Debug;
		};
		A36F4DD31CE5834C00DDFC85 /* Release */ = {
			isa = XCBuildConfiguration;
			buildSettings = {
				BUNDLE_LOADER = "$(TEST_HOST)";
				INFOPLIST_FILE = TVMovieAppTests/Info.plist;
				LD_RUNPATH_SEARCH_PATHS = "$(inherited) @executable_path/Frameworks @loader_path/Frameworks";
				PRODUCT_BUNDLE_IDENTIFIER = au.com.benjaminjohnson.TVMovieAppTests;
				PRODUCT_NAME = ShowtimeTests;
				TEST_HOST = "$(BUILT_PRODUCTS_DIR)/Showtime.app/Showtime";
			};
			name = Release;
		};
		A36F4DD51CE5834C00DDFC85 /* Debug */ = {
			isa = XCBuildConfiguration;
			buildSettings = {
				INFOPLIST_FILE = TVMovieAppUITests/Info.plist;
				LD_RUNPATH_SEARCH_PATHS = "$(inherited) @executable_path/Frameworks @loader_path/Frameworks";
				PRODUCT_BUNDLE_IDENTIFIER = au.com.benjaminjohnson.TVMovieAppUITests;
				PRODUCT_NAME = ShowtimeTests;
				TEST_TARGET_NAME = TVMovieApp;
			};
			name = Debug;
		};
		A36F4DD61CE5834C00DDFC85 /* Release */ = {
			isa = XCBuildConfiguration;
			buildSettings = {
				INFOPLIST_FILE = TVMovieAppUITests/Info.plist;
				LD_RUNPATH_SEARCH_PATHS = "$(inherited) @executable_path/Frameworks @loader_path/Frameworks";
				PRODUCT_BUNDLE_IDENTIFIER = au.com.benjaminjohnson.TVMovieAppUITests;
				PRODUCT_NAME = ShowtimeTests;
				TEST_TARGET_NAME = TVMovieApp;
			};
			name = Release;
		};
/* End XCBuildConfiguration section */

/* Begin XCConfigurationList section */
		A36F4D9C1CE5834C00DDFC85 /* Build configuration list for PBXProject "Showtime" */ = {
			isa = XCConfigurationList;
			buildConfigurations = (
				A36F4DCC1CE5834C00DDFC85 /* Debug */,
				A36F4DCD1CE5834C00DDFC85 /* Release */,
			);
			defaultConfigurationIsVisible = 0;
			defaultConfigurationName = Release;
		};
		A36F4DCE1CE5834C00DDFC85 /* Build configuration list for PBXNativeTarget "Showtime" */ = {
			isa = XCConfigurationList;
			buildConfigurations = (
				A36F4DCF1CE5834C00DDFC85 /* Debug */,
				A36F4DD01CE5834C00DDFC85 /* Release */,
			);
			defaultConfigurationIsVisible = 0;
			defaultConfigurationName = Release;
		};
		A36F4DD11CE5834C00DDFC85 /* Build configuration list for PBXNativeTarget "ShowtimeTests" */ = {
			isa = XCConfigurationList;
			buildConfigurations = (
				A36F4DD21CE5834C00DDFC85 /* Debug */,
				A36F4DD31CE5834C00DDFC85 /* Release */,
			);
			defaultConfigurationIsVisible = 0;
			defaultConfigurationName = Release;
		};
		A36F4DD41CE5834C00DDFC85 /* Build configuration list for PBXNativeTarget "ShowtimeUITests" */ = {
			isa = XCConfigurationList;
			buildConfigurations = (
				A36F4DD51CE5834C00DDFC85 /* Debug */,
				A36F4DD61CE5834C00DDFC85 /* Release */,
			);
			defaultConfigurationIsVisible = 0;
			defaultConfigurationName = Release;
		};
/* End XCConfigurationList section */

/* Begin XCVersionGroup section */
		A36F4DA61CE5834C00DDFC85 /* TVMovieApp.xcdatamodeld */ = {
			isa = XCVersionGroup;
			children = (
				A36F4DA71CE5834C00DDFC85 /* TVMovieApp.xcdatamodel */,
			);
			currentVersion = A36F4DA71CE5834C00DDFC85 /* TVMovieApp.xcdatamodel */;
			path = TVMovieApp.xcdatamodeld;
			sourceTree = "<group>";
			versionGroupType = wrapper.xcdatamodel;
		};
/* End XCVersionGroup section */
	};
	rootObject = A36F4D991CE5834C00DDFC85 /* Project object */;
}
